
Microsoft Visual Studio Solution File, Format Version 12.00
# Visual Studio Version 17
VisualStudioVersion = 17.3.32901.215
MinimumVisualStudioVersion = 10.0.40219.1
Project("{9A19103F-16F7-4668-BE54-9A1E7A4F7556}") = "cameramovementlock", "cameramovementlock.csproj", "{DFF789F4-9185-4FC7-9759-421BFE8FB538}"
EndProject
Global
	GlobalSection(SolutionConfigurationPlatforms) = preSolution
		Debug|Any CPU = Debug|Any CPU
		Release|Any CPU = Release|Any CPU
	EndGlobalSection
	GlobalSection(ProjectConfigurationPlatforms) = postSolution
		{DFF789F4-9185-4FC7-9759-421BFE8FB538}.Debug|Any CPU.ActiveCfg = Debug|Any CPU
		{DFF789F4-9185-4FC7-9759-421BFE8FB538}.Debug|Any CPU.Build.0 = Debug|Any CPU
		{DFF789F4-9185-4FC7-9759-421BFE8FB538}.Release|Any CPU.ActiveCfg = Release|Any CPU
		{DFF789F4-9185-4FC7-9759-421BFE8FB538}.Release|Any CPU.Build.0 = Release|Any CPU
	EndGlobalSection
	GlobalSection(SolutionProperties) = preSolution
		HideSolutionNode = FALSE
	EndGlobalSection
	GlobalSection(ExtensibilityGlobals) = postSolution
		SolutionGuid = {EAEE4983-1F97-4B69-955D-70C65F39C3C2}
	EndGlobalSection
EndGlobal
